// !$*UTF8*$!
{
	archiveVersion = 1;
	classes = {
	};
	objectVersion = 56;
	objects = {

/* Begin PBXBuildFile section */
		A38DFB082A27D59000609A5B /* AppDelegate.swift in Sources */ = {isa = PBXBuildFile; fileRef = A38DFB072A27D59000609A5B /* AppDelegate.swift */; };
		A38DFB0A2A27D59000609A5B /* SceneDelegate.swift in Sources */ = {isa = PBXBuildFile; fileRef = A38DFB092A27D59000609A5B /* SceneDelegate.swift */; };
		A38DFB112A27D59100609A5B /* Assets.xcassets in Resources */ = {isa = PBXBuildFile; fileRef = A38DFB102A27D59100609A5B /* Assets.xcassets */; };
		A38DFB142A27D59100609A5B /* LaunchScreen.storyboard in Resources */ = {isa = PBXBuildFile; fileRef = A38DFB122A27D59100609A5B /* LaunchScreen.storyboard */; };
		A38DFB1F2A27D59100609A5B /* WikiLocationsTests.swift in Sources */ = {isa = PBXBuildFile; fileRef = A38DFB1E2A27D59100609A5B /* WikiLocationsTests.swift */; };
		A38DFB3D2A27D76800609A5B /* LocationsResponse.swift in Sources */ = {isa = PBXBuildFile; fileRef = A38DFB3C2A27D76800609A5B /* LocationsResponse.swift */; };
		A38DFB402A27D7AA00609A5B /* Endpoint.swift in Sources */ = {isa = PBXBuildFile; fileRef = A38DFB3F2A27D7AA00609A5B /* Endpoint.swift */; };
		A38DFB422A27D7BC00609A5B /* LocationsEndpoint.swift in Sources */ = {isa = PBXBuildFile; fileRef = A38DFB412A27D7BC00609A5B /* LocationsEndpoint.swift */; };
		A38DFB452A27D7FA00609A5B /* URLComponents.swift in Sources */ = {isa = PBXBuildFile; fileRef = A38DFB442A27D7FA00609A5B /* URLComponents.swift */; };
		A38DFB472A27D80A00609A5B /* URLRequest.swift in Sources */ = {isa = PBXBuildFile; fileRef = A38DFB462A27D80A00609A5B /* URLRequest.swift */; };
		A38DFB492A27D83800609A5B /* APIClient.swift in Sources */ = {isa = PBXBuildFile; fileRef = A38DFB482A27D83800609A5B /* APIClient.swift */; };
		A38DFB4B2A27D86300609A5B /* LocationsService.swift in Sources */ = {isa = PBXBuildFile; fileRef = A38DFB4A2A27D86300609A5B /* LocationsService.swift */; };
		A38DFB502A27D98400609A5B /* LocationsViewController.swift in Sources */ = {isa = PBXBuildFile; fileRef = A38DFB4F2A27D98400609A5B /* LocationsViewController.swift */; };
		A38DFB522A27D99300609A5B /* LocationsViewModel.swift in Sources */ = {isa = PBXBuildFile; fileRef = A38DFB512A27D99300609A5B /* LocationsViewModel.swift */; };
		A38DFB552A27DA0100609A5B /* TransientOverlayDisplayable.swift in Sources */ = {isa = PBXBuildFile; fileRef = A38DFB542A27DA0100609A5B /* TransientOverlayDisplayable.swift */; };
		A38DFB572A27DA1900609A5B /* ErrorToastView.swift in Sources */ = {isa = PBXBuildFile; fileRef = A38DFB562A27DA1900609A5B /* ErrorToastView.swift */; };
		A38DFB592A27DA2F00609A5B /* LoadingCircleView.swift in Sources */ = {isa = PBXBuildFile; fileRef = A38DFB582A27DA2F00609A5B /* LoadingCircleView.swift */; };
		A38DFB5B2A27DA5C00609A5B /* LocationCell.swift in Sources */ = {isa = PBXBuildFile; fileRef = A38DFB5A2A27DA5C00609A5B /* LocationCell.swift */; };
		A38DFB5E2A27DAAA00609A5B /* WikiUrl.swift in Sources */ = {isa = PBXBuildFile; fileRef = A38DFB5D2A27DAAA00609A5B /* WikiUrl.swift */; };
/* End PBXBuildFile section */

/* Begin PBXContainerItemProxy section */
		A38DFB1B2A27D59100609A5B /* PBXContainerItemProxy */ = {
			isa = PBXContainerItemProxy;
			containerPortal = A38DFAFC2A27D59000609A5B /* Project object */;
			proxyType = 1;
			remoteGlobalIDString = A38DFB032A27D59000609A5B;
			remoteInfo = WikiLocations;
		};
/* End PBXContainerItemProxy section */

/* Begin PBXFileReference section */
		A38DFB042A27D59000609A5B /* WikiLocations.app */ = {isa = PBXFileReference; explicitFileType = wrapper.application; includeInIndex = 0; path = WikiLocations.app; sourceTree = BUILT_PRODUCTS_DIR; };
		A38DFB072A27D59000609A5B /* AppDelegate.swift */ = {isa = PBXFileReference; lastKnownFileType = sourcecode.swift; path = AppDelegate.swift; sourceTree = "<group>"; };
		A38DFB092A27D59000609A5B /* SceneDelegate.swift */ = {isa = PBXFileReference; lastKnownFileType = sourcecode.swift; path = SceneDelegate.swift; sourceTree = "<group>"; };
		A38DFB102A27D59100609A5B /* Assets.xcassets */ = {isa = PBXFileReference; lastKnownFileType = folder.assetcatalog; path = Assets.xcassets; sourceTree = "<group>"; };
		A38DFB132A27D59100609A5B /* Base */ = {isa = PBXFileReference; lastKnownFileType = file.storyboard; name = Base; path = Base.lproj/LaunchScreen.storyboard; sourceTree = "<group>"; };
		A38DFB152A27D59100609A5B /* Info.plist */ = {isa = PBXFileReference; lastKnownFileType = text.plist.xml; path = Info.plist; sourceTree = "<group>"; };
		A38DFB1A2A27D59100609A5B /* WikiLocationsTests.xctest */ = {isa = PBXFileReference; explicitFileType = wrapper.cfbundle; includeInIndex = 0; path = WikiLocationsTests.xctest; sourceTree = BUILT_PRODUCTS_DIR; };
		A38DFB1E2A27D59100609A5B /* WikiLocationsTests.swift */ = {isa = PBXFileReference; lastKnownFileType = sourcecode.swift; path = WikiLocationsTests.swift; sourceTree = "<group>"; };
		A38DFB3C2A27D76800609A5B /* LocationsResponse.swift */ = {isa = PBXFileReference; lastKnownFileType = sourcecode.swift; path = LocationsResponse.swift; sourceTree = "<group>"; };
		A38DFB3F2A27D7AA00609A5B /* Endpoint.swift */ = {isa = PBXFileReference; lastKnownFileType = sourcecode.swift; path = Endpoint.swift; sourceTree = "<group>"; };
		A38DFB412A27D7BC00609A5B /* LocationsEndpoint.swift */ = {isa = PBXFileReference; lastKnownFileType = sourcecode.swift; path = LocationsEndpoint.swift; sourceTree = "<group>"; };
		A38DFB442A27D7FA00609A5B /* URLComponents.swift */ = {isa = PBXFileReference; lastKnownFileType = sourcecode.swift; path = URLComponents.swift; sourceTree = "<group>"; };
		A38DFB462A27D80A00609A5B /* URLRequest.swift */ = {isa = PBXFileReference; lastKnownFileType = sourcecode.swift; path = URLRequest.swift; sourceTree = "<group>"; };
		A38DFB482A27D83800609A5B /* APIClient.swift */ = {isa = PBXFileReference; lastKnownFileType = sourcecode.swift; path = APIClient.swift; sourceTree = "<group>"; };
		A38DFB4A2A27D86300609A5B /* LocationsService.swift */ = {isa = PBXFileReference; lastKnownFileType = sourcecode.swift; path = LocationsService.swift; sourceTree = "<group>"; };
		A38DFB4F2A27D98400609A5B /* LocationsViewController.swift */ = {isa = PBXFileReference; lastKnownFileType = sourcecode.swift; path = LocationsViewController.swift; sourceTree = "<group>"; };
		A38DFB512A27D99300609A5B /* LocationsViewModel.swift */ = {isa = PBXFileReference; lastKnownFileType = sourcecode.swift; path = LocationsViewModel.swift; sourceTree = "<group>"; };
		A38DFB542A27DA0100609A5B /* TransientOverlayDisplayable.swift */ = {isa = PBXFileReference; lastKnownFileType = sourcecode.swift; path = TransientOverlayDisplayable.swift; sourceTree = "<group>"; };
		A38DFB562A27DA1900609A5B /* ErrorToastView.swift */ = {isa = PBXFileReference; lastKnownFileType = sourcecode.swift; path = ErrorToastView.swift; sourceTree = "<group>"; };
		A38DFB582A27DA2F00609A5B /* LoadingCircleView.swift */ = {isa = PBXFileReference; lastKnownFileType = sourcecode.swift; path = LoadingCircleView.swift; sourceTree = "<group>"; };
		A38DFB5A2A27DA5C00609A5B /* LocationCell.swift */ = {isa = PBXFileReference; lastKnownFileType = sourcecode.swift; path = LocationCell.swift; sourceTree = "<group>"; };
		A38DFB5D2A27DAAA00609A5B /* WikiUrl.swift */ = {isa = PBXFileReference; lastKnownFileType = sourcecode.swift; path = WikiUrl.swift; sourceTree = "<group>"; };
/* End PBXFileReference section */

/* Begin PBXFrameworksBuildPhase section */
		A38DFB012A27D59000609A5B /* Frameworks */ = {
			isa = PBXFrameworksBuildPhase;
			buildActionMask = 2147483647;
			files = (
			);
			runOnlyForDeploymentPostprocessing = 0;
		};
		A38DFB172A27D59100609A5B /* Frameworks */ = {
			isa = PBXFrameworksBuildPhase;
			buildActionMask = 2147483647;
			files = (
			);
			runOnlyForDeploymentPostprocessing = 0;
		};
/* End PBXFrameworksBuildPhase section */

/* Begin PBXGroup section */
		A38DFAFB2A27D59000609A5B = {
			isa = PBXGroup;
			children = (
				A38DFB062A27D59000609A5B /* WikiLocations */,
				A38DFB1D2A27D59100609A5B /* WikiLocationsTests */,
				A38DFB052A27D59000609A5B /* Products */,
			);
			sourceTree = "<group>";
		};
		A38DFB052A27D59000609A5B /* Products */ = {
			isa = PBXGroup;
			children = (
				A38DFB042A27D59000609A5B /* WikiLocations.app */,
				A38DFB1A2A27D59100609A5B /* WikiLocationsTests.xctest */,
			);
			name = Products;
			sourceTree = "<group>";
		};
		A38DFB062A27D59000609A5B /* WikiLocations */ = {
			isa = PBXGroup;
			children = (
				A38DFB3A2A27D72D00609A5B /* Network */,
				A38DFB4D2A27D96C00609A5B /* Screen */,
				A38DFB532A27D9EA00609A5B /* View */,
				A38DFB5C2A27DA9800609A5B /* Helper */,
				A38DFB072A27D59000609A5B /* AppDelegate.swift */,
				A38DFB092A27D59000609A5B /* SceneDelegate.swift */,
				A38DFB102A27D59100609A5B /* Assets.xcassets */,
				A38DFB122A27D59100609A5B /* LaunchScreen.storyboard */,
				A38DFB152A27D59100609A5B /* Info.plist */,
			);
			path = WikiLocations;
			sourceTree = "<group>";
		};
		A38DFB1D2A27D59100609A5B /* WikiLocationsTests */ = {
			isa = PBXGroup;
			children = (
				A38DFB1E2A27D59100609A5B /* WikiLocationsTests.swift */,
			);
			path = WikiLocationsTests;
			sourceTree = "<group>";
		};
		A38DFB3A2A27D72D00609A5B /* Network */ = {
			isa = PBXGroup;
			children = (
				A38DFB4C2A27D86F00609A5B /* Service */,
				A38DFB432A27D7ED00609A5B /* Helper */,
				A38DFB3E2A27D79A00609A5B /* Endpoint */,
				A38DFB3B2A27D75400609A5B /* Model */,
				A38DFB482A27D83800609A5B /* APIClient.swift */,
			);
			path = Network;
			sourceTree = "<group>";
		};
		A38DFB3B2A27D75400609A5B /* Model */ = {
			isa = PBXGroup;
			children = (
				A38DFB3C2A27D76800609A5B /* LocationsResponse.swift */,
			);
			path = Model;
			sourceTree = "<group>";
		};
		A38DFB3E2A27D79A00609A5B /* Endpoint */ = {
			isa = PBXGroup;
			children = (
				A38DFB3F2A27D7AA00609A5B /* Endpoint.swift */,
				A38DFB412A27D7BC00609A5B /* LocationsEndpoint.swift */,
			);
			path = Endpoint;
			sourceTree = "<group>";
		};
		A38DFB432A27D7ED00609A5B /* Helper */ = {
			isa = PBXGroup;
			children = (
				A38DFB442A27D7FA00609A5B /* URLComponents.swift */,
				A38DFB462A27D80A00609A5B /* URLRequest.swift */,
			);
			path = Helper;
			sourceTree = "<group>";
		};
		A38DFB4C2A27D86F00609A5B /* Service */ = {
			isa = PBXGroup;
			children = (
				A38DFB4A2A27D86300609A5B /* LocationsService.swift */,
			);
			path = Service;
			sourceTree = "<group>";
		};
		A38DFB4D2A27D96C00609A5B /* Screen */ = {
			isa = PBXGroup;
			children = (
				A38DFB4E2A27D97400609A5B /* Locations */,
			);
			path = Screen;
			sourceTree = "<group>";
		};
		A38DFB4E2A27D97400609A5B /* Locations */ = {
			isa = PBXGroup;
			children = (
				A38DFB4F2A27D98400609A5B /* LocationsViewController.swift */,
				A38DFB512A27D99300609A5B /* LocationsViewModel.swift */,
			);
			path = Locations;
			sourceTree = "<group>";
		};
		A38DFB532A27D9EA00609A5B /* View */ = {
			isa = PBXGroup;
			children = (
				A38DFB542A27DA0100609A5B /* TransientOverlayDisplayable.swift */,
				A38DFB562A27DA1900609A5B /* ErrorToastView.swift */,
				A38DFB582A27DA2F00609A5B /* LoadingCircleView.swift */,
				A38DFB5A2A27DA5C00609A5B /* LocationCell.swift */,
			);
			path = View;
			sourceTree = "<group>";
		};
		A38DFB5C2A27DA9800609A5B /* Helper */ = {
			isa = PBXGroup;
			children = (
				A38DFB5D2A27DAAA00609A5B /* WikiUrl.swift */,
			);
			path = Helper;
			sourceTree = "<group>";
		};
/* End PBXGroup section */

/* Begin PBXNativeTarget section */
		A38DFB032A27D59000609A5B /* WikiLocations */ = {
			isa = PBXNativeTarget;
			buildConfigurationList = A38DFB2E2A27D59100609A5B /* Build configuration list for PBXNativeTarget "WikiLocations" */;
			buildPhases = (
				A38DFB002A27D59000609A5B /* Sources */,
				A38DFB012A27D59000609A5B /* Frameworks */,
				A38DFB022A27D59000609A5B /* Resources */,
			);
			buildRules = (
			);
			dependencies = (
			);
			name = WikiLocations;
			productName = WikiLocations;
			productReference = A38DFB042A27D59000609A5B /* WikiLocations.app */;
			productType = "com.apple.product-type.application";
		};
		A38DFB192A27D59100609A5B /* WikiLocationsTests */ = {
			isa = PBXNativeTarget;
			buildConfigurationList = A38DFB312A27D59100609A5B /* Build configuration list for PBXNativeTarget "WikiLocationsTests" */;
			buildPhases = (
				A38DFB162A27D59100609A5B /* Sources */,
				A38DFB172A27D59100609A5B /* Frameworks */,
				A38DFB182A27D59100609A5B /* Resources */,
			);
			buildRules = (
			);
			dependencies = (
				A38DFB1C2A27D59100609A5B /* PBXTargetDependency */,
			);
			name = WikiLocationsTests;
			productName = WikiLocationsTests;
			productReference = A38DFB1A2A27D59100609A5B /* WikiLocationsTests.xctest */;
			productType = "com.apple.product-type.bundle.unit-test";
		};
/* End PBXNativeTarget section */

/* Begin PBXProject section */
		A38DFAFC2A27D59000609A5B /* Project object */ = {
			isa = PBXProject;
			attributes = {
				BuildIndependentTargetsInParallel = 1;
				LastSwiftUpdateCheck = 1430;
				LastUpgradeCheck = 1430;
				TargetAttributes = {
					A38DFB032A27D59000609A5B = {
						CreatedOnToolsVersion = 14.3;
					};
					A38DFB192A27D59100609A5B = {
						CreatedOnToolsVersion = 14.3;
						TestTargetID = A38DFB032A27D59000609A5B;
					};
				};
			};
			buildConfigurationList = A38DFAFF2A27D59000609A5B /* Build configuration list for PBXProject "WikiLocations" */;
			compatibilityVersion = "Xcode 14.0";
			developmentRegion = en;
			hasScannedForEncodings = 0;
			knownRegions = (
				en,
				Base,
			);
			mainGroup = A38DFAFB2A27D59000609A5B;
			productRefGroup = A38DFB052A27D59000609A5B /* Products */;
			projectDirPath = "";
			projectRoot = "";
			targets = (
				A38DFB032A27D59000609A5B /* WikiLocations */,
				A38DFB192A27D59100609A5B /* WikiLocationsTests */,
			);
		};
/* End PBXProject section */

/* Begin PBXResourcesBuildPhase section */
		A38DFB022A27D59000609A5B /* Resources */ = {
			isa = PBXResourcesBuildPhase;
			buildActionMask = 2147483647;
			files = (
				A38DFB142A27D59100609A5B /* LaunchScreen.storyboard in Resources */,
				A38DFB112A27D59100609A5B /* Assets.xcassets in Resources */,
			);
			runOnlyForDeploymentPostprocessing = 0;
		};
		A38DFB182A27D59100609A5B /* Resources */ = {
			isa = PBXResourcesBuildPhase;
			buildActionMask = 2147483647;
			files = (
			);
			runOnlyForDeploymentPostprocessing = 0;
		};
/* End PBXResourcesBuildPhase section */

/* Begin PBXSourcesBuildPhase section */
		A38DFB002A27D59000609A5B /* Sources */ = {
			isa = PBXSourcesBuildPhase;
			buildActionMask = 2147483647;
			files = (
				A38DFB4B2A27D86300609A5B /* LocationsService.swift in Sources */,
				A38DFB452A27D7FA00609A5B /* URLComponents.swift in Sources */,
				A38DFB3D2A27D76800609A5B /* LocationsResponse.swift in Sources */,
				A38DFB502A27D98400609A5B /* LocationsViewController.swift in Sources */,
				A38DFB552A27DA0100609A5B /* TransientOverlayDisplayable.swift in Sources */,
				A38DFB082A27D59000609A5B /* AppDelegate.swift in Sources */,
				A38DFB5B2A27DA5C00609A5B /* LocationCell.swift in Sources */,
				A38DFB0A2A27D59000609A5B /* SceneDelegate.swift in Sources */,
				A38DFB572A27DA1900609A5B /* ErrorToastView.swift in Sources */,
				A38DFB522A27D99300609A5B /* LocationsViewModel.swift in Sources */,
				A38DFB592A27DA2F00609A5B /* LoadingCircleView.swift in Sources */,
				A38DFB402A27D7AA00609A5B /* Endpoint.swift in Sources */,
				A38DFB422A27D7BC00609A5B /* LocationsEndpoint.swift in Sources */,
				A38DFB472A27D80A00609A5B /* URLRequest.swift in Sources */,
				A38DFB492A27D83800609A5B /* APIClient.swift in Sources */,
				A38DFB5E2A27DAAA00609A5B /* WikiUrl.swift in Sources */,
			);
			runOnlyForDeploymentPostprocessing = 0;
		};
		A38DFB162A27D59100609A5B /* Sources */ = {
			isa = PBXSourcesBuildPhase;
			buildActionMask = 2147483647;
			files = (
				A38DFB1F2A27D59100609A5B /* WikiLocationsTests.swift in Sources */,
			);
			runOnlyForDeploymentPostprocessing = 0;
		};
/* End PBXSourcesBuildPhase section */

/* Begin PBXTargetDependency section */
		A38DFB1C2A27D59100609A5B /* PBXTargetDependency */ = {
			isa = PBXTargetDependency;
			target = A38DFB032A27D59000609A5B /* WikiLocations */;
			targetProxy = A38DFB1B2A27D59100609A5B /* PBXContainerItemProxy */;
		};
/* End PBXTargetDependency section */

/* Begin PBXVariantGroup section */
		A38DFB122A27D59100609A5B /* LaunchScreen.storyboard */ = {
			isa = PBXVariantGroup;
			children = (
				A38DFB132A27D59100609A5B /* Base */,
			);
			name = LaunchScreen.storyboard;
			sourceTree = "<group>";
		};
/* End PBXVariantGroup section */

/* Begin XCBuildConfiguration section */
		A38DFB2C2A27D59100609A5B /* Debug */ = {
			isa = XCBuildConfiguration;
			buildSettings = {
				ALWAYS_SEARCH_USER_PATHS = NO;
				CLANG_ANALYZER_NONNULL = YES;
				CLANG_ANALYZER_NUMBER_OBJECT_CONVERSION = YES_AGGRESSIVE;
				CLANG_CXX_LANGUAGE_STANDARD = "gnu++20";
				CLANG_ENABLE_MODULES = YES;
				CLANG_ENABLE_OBJC_ARC = YES;
				CLANG_ENABLE_OBJC_WEAK = YES;
				CLANG_WARN_BLOCK_CAPTURE_AUTORELEASING = YES;
				CLANG_WARN_BOOL_CONVERSION = YES;
				CLANG_WARN_COMMA = YES;
				CLANG_WARN_CONSTANT_CONVERSION = YES;
				CLANG_WARN_DEPRECATED_OBJC_IMPLEMENTATIONS = YES;
				CLANG_WARN_DIRECT_OBJC_ISA_USAGE = YES_ERROR;
				CLANG_WARN_DOCUMENTATION_COMMENTS = YES;
				CLANG_WARN_EMPTY_BODY = YES;
				CLANG_WARN_ENUM_CONVERSION = YES;
				CLANG_WARN_INFINITE_RECURSION = YES;
				CLANG_WARN_INT_CONVERSION = YES;
				CLANG_WARN_NON_LITERAL_NULL_CONVERSION = YES;
				CLANG_WARN_OBJC_IMPLICIT_RETAIN_SELF = YES;
				CLANG_WARN_OBJC_LITERAL_CONVERSION = YES;
				CLANG_WARN_OBJC_ROOT_CLASS = YES_ERROR;
				CLANG_WARN_QUOTED_INCLUDE_IN_FRAMEWORK_HEADER = YES;
				CLANG_WARN_RANGE_LOOP_ANALYSIS = YES;
				CLANG_WARN_STRICT_PROTOTYPES = YES;
				CLANG_WARN_SUSPICIOUS_MOVE = YES;
				CLANG_WARN_UNGUARDED_AVAILABILITY = YES_AGGRESSIVE;
				CLANG_WARN_UNREACHABLE_CODE = YES;
				CLANG_WARN__DUPLICATE_METHOD_MATCH = YES;
				COPY_PHASE_STRIP = NO;
				DEBUG_INFORMATION_FORMAT = dwarf;
				ENABLE_STRICT_OBJC_MSGSEND = YES;
				ENABLE_TESTABILITY = YES;
				GCC_C_LANGUAGE_STANDARD = gnu11;
				GCC_DYNAMIC_NO_PIC = NO;
				GCC_NO_COMMON_BLOCKS = YES;
				GCC_OPTIMIZATION_LEVEL = 0;
				GCC_PREPROCESSOR_DEFINITIONS = (
					"DEBUG=1",
					"$(inherited)",
				);
				GCC_WARN_64_TO_32_BIT_CONVERSION = YES;
				GCC_WARN_ABOUT_RETURN_TYPE = YES_ERROR;
				GCC_WARN_UNDECLARED_SELECTOR = YES;
				GCC_WARN_UNINITIALIZED_AUTOS = YES_AGGRESSIVE;
				GCC_WARN_UNUSED_FUNCTION = YES;
				GCC_WARN_UNUSED_VARIABLE = YES;
				IPHONEOS_DEPLOYMENT_TARGET = 16.0;
				MTL_ENABLE_DEBUG_INFO = INCLUDE_SOURCE;
				MTL_FAST_MATH = YES;
				ONLY_ACTIVE_ARCH = YES;
				SDKROOT = iphoneos;
				SWIFT_ACTIVE_COMPILATION_CONDITIONS = DEBUG;
				SWIFT_OPTIMIZATION_LEVEL = "-Onone";
			};
			name = Debug;
		};
		A38DFB2D2A27D59100609A5B /* Release */ = {
			isa = XCBuildConfiguration;
			buildSettings = {
				ALWAYS_SEARCH_USER_PATHS = NO;
				CLANG_ANALYZER_NONNULL = YES;
				CLANG_ANALYZER_NUMBER_OBJECT_CONVERSION = YES_AGGRESSIVE;
				CLANG_CXX_LANGUAGE_STANDARD = "gnu++20";
				CLANG_ENABLE_MODULES = YES;
				CLANG_ENABLE_OBJC_ARC = YES;
				CLANG_ENABLE_OBJC_WEAK = YES;
				CLANG_WARN_BLOCK_CAPTURE_AUTORELEASING = YES;
				CLANG_WARN_BOOL_CONVERSION = YES;
				CLANG_WARN_COMMA = YES;
				CLANG_WARN_CONSTANT_CONVERSION = YES;
				CLANG_WARN_DEPRECATED_OBJC_IMPLEMENTATIONS = YES;
				CLANG_WARN_DIRECT_OBJC_ISA_USAGE = YES_ERROR;
				CLANG_WARN_DOCUMENTATION_COMMENTS = YES;
				CLANG_WARN_EMPTY_BODY = YES;
				CLANG_WARN_ENUM_CONVERSION = YES;
				CLANG_WARN_INFINITE_RECURSION = YES;
				CLANG_WARN_INT_CONVERSION = YES;
				CLANG_WARN_NON_LITERAL_NULL_CONVERSION = YES;
				CLANG_WARN_OBJC_IMPLICIT_RETAIN_SELF = YES;
				CLANG_WARN_OBJC_LITERAL_CONVERSION = YES;
				CLANG_WARN_OBJC_ROOT_CLASS = YES_ERROR;
				CLANG_WARN_QUOTED_INCLUDE_IN_FRAMEWORK_HEADER = YES;
				CLANG_WARN_RANGE_LOOP_ANALYSIS = YES;
				CLANG_WARN_STRICT_PROTOTYPES = YES;
				CLANG_WARN_SUSPICIOUS_MOVE = YES;
				CLANG_WARN_UNGUARDED_AVAILABILITY = YES_AGGRESSIVE;
				CLANG_WARN_UNREACHABLE_CODE = YES;
				CLANG_WARN__DUPLICATE_METHOD_MATCH = YES;
				COPY_PHASE_STRIP = NO;
				DEBUG_INFORMATION_FORMAT = "dwarf-with-dsym";
				ENABLE_NS_ASSERTIONS = NO;
				ENABLE_STRICT_OBJC_MSGSEND = YES;
				GCC_C_LANGUAGE_STANDARD = gnu11;
				GCC_NO_COMMON_BLOCKS = YES;
				GCC_WARN_64_TO_32_BIT_CONVERSION = YES;
				GCC_WARN_ABOUT_RETURN_TYPE = YES_ERROR;
				GCC_WARN_UNDECLARED_SELECTOR = YES;
				GCC_WARN_UNINITIALIZED_AUTOS = YES_AGGRESSIVE;
				GCC_WARN_UNUSED_FUNCTION = YES;
				GCC_WARN_UNUSED_VARIABLE = YES;
				IPHONEOS_DEPLOYMENT_TARGET = 16.0;
				MTL_ENABLE_DEBUG_INFO = NO;
				MTL_FAST_MATH = YES;
				SDKROOT = iphoneos;
				SWIFT_COMPILATION_MODE = wholemodule;
				SWIFT_OPTIMIZATION_LEVEL = "-O";
				VALIDATE_PRODUCT = YES;
			};
			name = Release;
		};
		A38DFB2F2A27D59100609A5B /* Debug */ = {
			isa = XCBuildConfiguration;
			buildSettings = {
				ASSETCATALOG_COMPILER_APPICON_NAME = AppIcon;
				ASSETCATALOG_COMPILER_GLOBAL_ACCENT_COLOR_NAME = AccentColor;
				CODE_SIGN_STYLE = Automatic;
				CURRENT_PROJECT_VERSION = 1;
				DEVELOPMENT_TEAM = 454Y33UAWC;
				GENERATE_INFOPLIST_FILE = YES;
				INFOPLIST_FILE = WikiLocations/Info.plist;
				INFOPLIST_KEY_UIApplicationSupportsIndirectInputEvents = YES;
				INFOPLIST_KEY_UILaunchStoryboardName = LaunchScreen;
				INFOPLIST_KEY_UISupportedInterfaceOrientations = UIInterfaceOrientationPortrait;
				INFOPLIST_KEY_UISupportedInterfaceOrientations_iPad = "UIInterfaceOrientationLandscapeLeft UIInterfaceOrientationLandscapeRight UIInterfaceOrientationPortrait UIInterfaceOrientationPortraitUpsideDown";
				IPHONEOS_DEPLOYMENT_TARGET = 16.0;
				LD_RUNPATH_SEARCH_PATHS = (
					"$(inherited)",
					"@executable_path/Frameworks",
				);
				MARKETING_VERSION = 1.0;
				PRODUCT_BUNDLE_IDENTIFIER = nl.firmach.WikiLocations;
				PRODUCT_NAME = "$(TARGET_NAME)";
				SUPPORTED_PLATFORMS = "iphoneos iphonesimulator";
				SUPPORTS_MACCATALYST = NO;
				SUPPORTS_MAC_DESIGNED_FOR_IPHONE_IPAD = NO;
				SWIFT_EMIT_LOC_STRINGS = YES;
				SWIFT_VERSION = 5.0;
				TARGETED_DEVICE_FAMILY = 1;
			};
			name = Debug;
		};
		A38DFB302A27D59100609A5B /* Release */ = {
			isa = XCBuildConfiguration;
			buildSettings = {
				ASSETCATALOG_COMPILER_APPICON_NAME = AppIcon;
				ASSETCATALOG_COMPILER_GLOBAL_ACCENT_COLOR_NAME = AccentColor;
				CODE_SIGN_STYLE = Automatic;
				CURRENT_PROJECT_VERSION = 1;
				DEVELOPMENT_TEAM = 454Y33UAWC;
				GENERATE_INFOPLIST_FILE = YES;
				INFOPLIST_FILE = WikiLocations/Info.plist;
				INFOPLIST_KEY_UIApplicationSupportsIndirectInputEvents = YES;
				INFOPLIST_KEY_UILaunchStoryboardName = LaunchScreen;
				INFOPLIST_KEY_UISupportedInterfaceOrientations = UIInterfaceOrientationPortrait;
				INFOPLIST_KEY_UISupportedInterfaceOrientations_iPad = "UIInterfaceOrientationLandscapeLeft UIInterfaceOrientationLandscapeRight UIInterfaceOrientationPortrait UIInterfaceOrientationPortraitUpsideDown";
				IPHONEOS_DEPLOYMENT_TARGET = 16.0;
				LD_RUNPATH_SEARCH_PATHS = (
					"$(inherited)",
					"@executable_path/Frameworks",
				);
				MARKETING_VERSION = 1.0;
				PRODUCT_BUNDLE_IDENTIFIER = nl.firmach.WikiLocations;
				PRODUCT_NAME = "$(TARGET_NAME)";
				SUPPORTED_PLATFORMS = "iphoneos iphonesimulator";
				SUPPORTS_MACCATALYST = NO;
				SUPPORTS_MAC_DESIGNED_FOR_IPHONE_IPAD = NO;
				SWIFT_EMIT_LOC_STRINGS = YES;
				SWIFT_VERSION = 5.0;
				TARGETED_DEVICE_FAMILY = 1;
			};
			name = Release;
		};
		A38DFB322A27D59100609A5B /* Debug */ = {
			isa = XCBuildConfiguration;
			buildSettings = {
				ALWAYS_EMBED_SWIFT_STANDARD_LIBRARIES = YES;
				BUNDLE_LOADER = "$(TEST_HOST)";
				CODE_SIGN_STYLE = Automatic;
				CURRENT_PROJECT_VERSION = 1;
				DEVELOPMENT_TEAM = 454Y33UAWC;
				GENERATE_INFOPLIST_FILE = YES;
				IPHONEOS_DEPLOYMENT_TARGET = 16.0;
				MARKETING_VERSION = 1.0;
				PRODUCT_BUNDLE_IDENTIFIER = nl.firmach.WikiLocationsTests;
				PRODUCT_NAME = "$(TARGET_NAME)";
				SUPPORTED_PLATFORMS = "iphoneos iphonesimulator";
				SUPPORTS_MACCATALYST = NO;
				SUPPORTS_MAC_DESIGNED_FOR_IPHONE_IPAD = NO;
				SWIFT_EMIT_LOC_STRINGS = NO;
				SWIFT_VERSION = 5.0;
				TARGETED_DEVICE_FAMILY = 1;
				TEST_HOST = "$(BUILT_PRODUCTS_DIR)/WikiLocations.app/$(BUNDLE_EXECUTABLE_FOLDER_PATH)/WikiLocations";
			};
			name = Debug;
		};
		A38DFB332A27D59100609A5B /* Release */ = {
			isa = XCBuildConfiguration;
			buildSettings = {
				ALWAYS_EMBED_SWIFT_STANDARD_LIBRARIES = YES;
				BUNDLE_LOADER = "$(TEST_HOST)";
				CODE_SIGN_STYLE = Automatic;
				CURRENT_PROJECT_VERSION = 1;
				DEVELOPMENT_TEAM = 454Y33UAWC;
				GENERATE_INFOPLIST_FILE = YES;
				IPHONEOS_DEPLOYMENT_TARGET = 16.0;
				MARKETING_VERSION = 1.0;
				PRODUCT_BUNDLE_IDENTIFIER = nl.firmach.WikiLocationsTests;
				PRODUCT_NAME = "$(TARGET_NAME)";
				SUPPORTED_PLATFORMS = "iphoneos iphonesimulator";
				SUPPORTS_MACCATALYST = NO;
				SUPPORTS_MAC_DESIGNED_FOR_IPHONE_IPAD = NO;
				SWIFT_EMIT_LOC_STRINGS = NO;
				SWIFT_VERSION = 5.0;
				TARGETED_DEVICE_FAMILY = 1;
				TEST_HOST = "$(BUILT_PRODUCTS_DIR)/WikiLocations.app/$(BUNDLE_EXECUTABLE_FOLDER_PATH)/WikiLocations";
			};
			name = Release;
		};
/* End XCBuildConfiguration section */

/* Begin XCConfigurationList section */
		A38DFAFF2A27D59000609A5B /* Build configuration list for PBXProject "WikiLocations" */ = {
			isa = XCConfigurationList;
			buildConfigurations = (
				A38DFB2C2A27D59100609A5B /* Debug */,
				A38DFB2D2A27D59100609A5B /* Release */,
			);
			defaultConfigurationIsVisible = 0;
			defaultConfigurationName = Release;
		};
		A38DFB2E2A27D59100609A5B /* Build configuration list for PBXNativeTarget "WikiLocations" */ = {
			isa = XCConfigurationList;
			buildConfigurations = (
				A38DFB2F2A27D59100609A5B /* Debug */,
				A38DFB302A27D59100609A5B /* Release */,
			);
			defaultConfigurationIsVisible = 0;
			defaultConfigurationName = Release;
		};
		A38DFB312A27D59100609A5B /* Build configuration list for PBXNativeTarget "WikiLocationsTests" */ = {
			isa = XCConfigurationList;
			buildConfigurations = (
				A38DFB322A27D59100609A5B /* Debug */,
				A38DFB332A27D59100609A5B /* Release */,
			);
			defaultConfigurationIsVisible = 0;
			defaultConfigurationName = Release;
		};
/* End XCConfigurationList section */
	};
	rootObject = A38DFAFC2A27D59000609A5B /* Project object */;
}
